
Microsoft Visual Studio Solution File, Format Version 12.00
# Visual Studio Version 17
VisualStudioVersion = 17.4.33110.190
MinimumVisualStudioVersion = 10.0.40219.1
Project("{FAE04EC0-301F-11D3-BF4B-00C04F79EFBC}") = "A Simplistic TCP Finite State Machine (FSM)", "A Simplistic TCP Finite State Machine (FSM)\A Simplistic TCP Finite State Machine (FSM).csproj", "{CE21D955-3E07-4328-81C5-DF2323861795}"
EndProject
Global
	GlobalSection(SolutionConfigurationPlatforms) = preSolution
		Debug|Any CPU = Debug|Any CPU
		Release|Any CPU = Release|Any CPU
	EndGlobalSection
	GlobalSection(ProjectConfigurationPlatforms) = postSolution
		{CE21D955-3E07-4328-81C5-DF2323861795}.Debug|Any CPU.ActiveCfg = Debug|Any CPU
		{CE21D955-3E07-4328-81C5-DF2323861795}.Debug|Any CPU.Build.0 = Debug|Any CPU
		{CE21D955-3E07-4328-81C5-DF2323861795}.Release|Any CPU.ActiveCfg = Release|Any CPU
		{CE21D955-3E07-4328-81C5-DF2323861795}.Release|Any CPU.Build.0 = Release|Any CPU
	EndGlobalSection
	GlobalSection(SolutionProperties) = preSolution
		HideSolutionNode = FALSE
	EndGlobalSection
	GlobalSection(ExtensibilityGlobals) = postSolution
		SolutionGuid = {BF4DB7D5-FCCF-4B52-9175-95C57C9467BD}
	EndGlobalSection
EndGlobal
